
Microsoft Visual Studio Solution File, Format Version 12.00
# Visual Studio 15
VisualStudioVersion = 15.0.28307.960
MinimumVisualStudioVersion = 10.0.40219.1
Project("{FAE04EC0-301F-11D3-BF4B-00C04F79EFBC}") = "PracticalAssessmentWeek3", "PracticalAssessmentWeek3\PracticalAssessmentWeek3.csproj", "{1DEF30FF-82E3-40A9-84CA-A9E038E6F01C}"
EndProject
Global
	GlobalSection(SolutionConfigurationPlatforms) = preSolution
		Debug|Any CPU = Debug|Any CPU
		Release|Any CPU = Release|Any CPU
	EndGlobalSection
	GlobalSection(ProjectConfigurationPlatforms) = postSolution
		{1DEF30FF-82E3-40A9-84CA-A9E038E6F01C}.Debug|Any CPU.ActiveCfg = Debug|Any CPU
		{1DEF30FF-82E3-40A9-84CA-A9E038E6F01C}.Debug|Any CPU.Build.0 = Debug|Any CPU
		{1DEF30FF-82E3-40A9-84CA-A9E038E6F01C}.Release|Any CPU.ActiveCfg = Release|Any CPU
		{1DEF30FF-82E3-40A9-84CA-A9E038E6F01C}.Release|Any CPU.Build.0 = Release|Any CPU
	EndGlobalSection
	GlobalSection(SolutionProperties) = preSolution
		HideSolutionNode = FALSE
	EndGlobalSection
	GlobalSection(ExtensibilityGlobals) = postSolution
		SolutionGuid = {0F7321E0-4215-4EE4-ADE9-461AB45AC18A}
	EndGlobalSection
EndGlobal
